{
  "requires": true,
  "lockfileVersion": 1,
  "dependencies": {
    "cloudinary": {
      "version": "1.24.0",
      "resolved": "https://registry.npmjs.org/cloudinary/-/cloudinary-1.24.0.tgz",
      "integrity": "sha512-bILjdVB/FCv5Zyypuhp5IdKeoDDMbA/8ybq8kILV9At5l2AV3ZwdjvYSNF04hTg9+Zan1d5id6LmV5liGsx1bw==",
      "requires": {
        "cloudinary-core": "^2.10.2",
        "core-js": "3.6.5",
        "lodash": "^4.17.11",
        "q": "^1.5.1"
      }
    },
    "cloudinary-core": {
      "version": "2.11.3",
      "resolved": "https://registry.npmjs.org/cloudinary-core/-/cloudinary-core-2.11.3.tgz",
      "integrity": "sha512-ZRnpjSgvx+LbSf+aEz5NKzxDB4Z0436aY/0BSDa90kAHiwAyd84VyEi95I74SE80e15Ri9t5S2xtksTXpzk9Xw=="
    },
    "core-js": {
      "version": "3.6.5",
      "resolved": "https://registry.npmjs.org/core-js/-/core-js-3.6.5.tgz",
      "integrity": "sha512-vZVEEwZoIsI+vPEuoF9Iqf5H7/M3eeQqWlQnYa8FSKKePuYTf5MWnxb5SDAzCa60b3JBRS5g9b+Dq7b1y/RCrA=="
    },
    "lodash": {
      "version": "4.17.20",
      "resolved": "https://registry.npmjs.org/lodash/-/lodash-4.17.20.tgz",
      "integrity": "sha512-PlhdFcillOINfeV7Ni6oF1TAEayyZBoZ8bcshTHqOYJYlrqzRK5hagpagky5o4HfCzzd1TRkXPMFq6cKk9rGmA=="
    },
    "multer-storage-cloudinary": {
      "version": "4.0.0",
      "resolved": "https://registry.npmjs.org/multer-storage-cloudinary/-/multer-storage-cloudinary-4.0.0.tgz",
      "integrity": "sha512-25lm9R6o5dWrHLqLvygNX+kBOxprzpmZdnVKH4+r68WcfCt8XV6xfQaMuAg+kUE5Xmr8mJNA4gE0AcBj9FJyWA=="
    },
    "q": {
      "version": "1.5.1",
      "resolved": "https://registry.npmjs.org/q/-/q-1.5.1.tgz",
      "integrity": "sha1-fjL3W0E4EpHQRhHxvxQQmsAGUdc="
    }
  }
}
